
Microsoft Visual Studio Solution File, Format Version 12.00
# Visual Studio Version 17
VisualStudioVersion = 17.10.35122.118
MinimumVisualStudioVersion = 10.0.40219.1
Project("{FAE04EC0-301F-11D3-BF4B-00C04F79EFBC}") = "inheritanceExample", "inheritanceExample.csproj", "{283D4871-35A9-43AA-8BAE-B555C4ED694F}"
EndProject
Global
	GlobalSection(SolutionConfigurationPlatforms) = preSolution
		Debug|Any CPU = Debug|Any CPU
		Release|Any CPU = Release|Any CPU
	EndGlobalSection
	GlobalSection(ProjectConfigurationPlatforms) = postSolution
		{283D4871-35A9-43AA-8BAE-B555C4ED694F}.Debug|Any CPU.ActiveCfg = Debug|Any CPU
		{283D4871-35A9-43AA-8BAE-B555C4ED694F}.Debug|Any CPU.Build.0 = Debug|Any CPU
		{283D4871-35A9-43AA-8BAE-B555C4ED694F}.Release|Any CPU.ActiveCfg = Release|Any CPU
		{283D4871-35A9-43AA-8BAE-B555C4ED694F}.Release|Any CPU.Build.0 = Release|Any CPU
	EndGlobalSection
	GlobalSection(SolutionProperties) = preSolution
		HideSolutionNode = FALSE
	EndGlobalSection
	GlobalSection(ExtensibilityGlobals) = postSolution
		SolutionGuid = {64FA0590-0422-48BB-A010-A19B219A1A2F}
	EndGlobalSection
EndGlobal
