
Microsoft Visual Studio Solution File, Format Version 12.00
# Visual Studio Version 17
VisualStudioVersion = 17.11.35327.3
MinimumVisualStudioVersion = 10.0.40219.1
Project("{FAE04EC0-301F-11D3-BF4B-00C04F79EFBC}") = "Join Text", "Join Text\Join Text.csproj", "{13099A31-404F-42C1-B075-BA73B0005B9E}"
EndProject
Global
	GlobalSection(SolutionConfigurationPlatforms) = preSolution
		Debug|Any CPU = Debug|Any CPU
		Release|Any CPU = Release|Any CPU
	EndGlobalSection
	GlobalSection(ProjectConfigurationPlatforms) = postSolution
		{13099A31-404F-42C1-B075-BA73B0005B9E}.Debug|Any CPU.ActiveCfg = Debug|Any CPU
		{13099A31-404F-42C1-B075-BA73B0005B9E}.Debug|Any CPU.Build.0 = Debug|Any CPU
		{13099A31-404F-42C1-B075-BA73B0005B9E}.Release|Any CPU.ActiveCfg = Release|Any CPU
		{13099A31-404F-42C1-B075-BA73B0005B9E}.Release|Any CPU.Build.0 = Release|Any CPU
	EndGlobalSection
	GlobalSection(SolutionProperties) = preSolution
		HideSolutionNode = FALSE
	EndGlobalSection
	GlobalSection(ExtensibilityGlobals) = postSolution
		SolutionGuid = {EE45F14B-6D7C-4EB0-BD9B-BCFF1B5F8F24}
	EndGlobalSection
EndGlobal
